
Microsoft Visual Studio Solution File, Format Version 12.00
# Visual Studio Version 17
VisualStudioVersion = 17.9.34622.214
MinimumVisualStudioVersion = 10.0.40219.1
Project("{9A19103F-16F7-4668-BE54-9A1E7A4F7556}") = "ChatService", "ChatSerrvice\ChatService.csproj", "{72A95830-B5C8-44EC-A634-2D8707D9E697}"
EndProject
Project("{FAE04EC0-301F-11D3-BF4B-00C04F79EFBC}") = "ClassLibrary1", "ClassLibrary1\ClassLibrary1.csproj", "{42095CDA-E088-4459-BD8A-3BD4CDBDCE0E}"
EndProject
Global
	GlobalSection(SolutionConfigurationPlatforms) = preSolution
		Debug|Any CPU = Debug|Any CPU
		Release|Any CPU = Release|Any CPU
	EndGlobalSection
	GlobalSection(ProjectConfigurationPlatforms) = postSolution
		{72A95830-B5C8-44EC-A634-2D8707D9E697}.Debug|Any CPU.ActiveCfg = Debug|Any CPU
		{72A95830-B5C8-44EC-A634-2D8707D9E697}.Debug|Any CPU.Build.0 = Debug|Any CPU
		{72A95830-B5C8-44EC-A634-2D8707D9E697}.Release|Any CPU.ActiveCfg = Release|Any CPU
		{72A95830-B5C8-44EC-A634-2D8707D9E697}.Release|Any CPU.Build.0 = Release|Any CPU
		{42095CDA-E088-4459-BD8A-3BD4CDBDCE0E}.Debug|Any CPU.ActiveCfg = Debug|Any CPU
		{42095CDA-E088-4459-BD8A-3BD4CDBDCE0E}.Debug|Any CPU.Build.0 = Debug|Any CPU
		{42095CDA-E088-4459-BD8A-3BD4CDBDCE0E}.Release|Any CPU.ActiveCfg = Release|Any CPU
		{42095CDA-E088-4459-BD8A-3BD4CDBDCE0E}.Release|Any CPU.Build.0 = Release|Any CPU
	EndGlobalSection
	GlobalSection(SolutionProperties) = preSolution
		HideSolutionNode = FALSE
	EndGlobalSection
	GlobalSection(ExtensibilityGlobals) = postSolution
		SolutionGuid = {0EF128BE-7BCC-43EE-9D1B-358314548836}
	EndGlobalSection
EndGlobal
